
Microsoft Visual Studio Solution File, Format Version 12.00
# Visual Studio Version 17
VisualStudioVersion = 17.6.33723.286
MinimumVisualStudioVersion = 10.0.40219.1
Project("{F184B08F-C81C-45F6-A57F-5ABD9991F28F}") = "Health Club Fee Calculator", "Health Club Fee Calculator.vbproj", "{E03A3FA1-147A-4DB6-95BF-DD8D4505735D}"
EndProject
Global
	GlobalSection(SolutionConfigurationPlatforms) = preSolution
		Debug|Any CPU = Debug|Any CPU
		Release|Any CPU = Release|Any CPU
	EndGlobalSection
	GlobalSection(ProjectConfigurationPlatforms) = postSolution
		{E03A3FA1-147A-4DB6-95BF-DD8D4505735D}.Debug|Any CPU.ActiveCfg = Debug|Any CPU
		{E03A3FA1-147A-4DB6-95BF-DD8D4505735D}.Debug|Any CPU.Build.0 = Debug|Any CPU
		{E03A3FA1-147A-4DB6-95BF-DD8D4505735D}.Release|Any CPU.ActiveCfg = Release|Any CPU
		{E03A3FA1-147A-4DB6-95BF-DD8D4505735D}.Release|Any CPU.Build.0 = Release|Any CPU
	EndGlobalSection
	GlobalSection(SolutionProperties) = preSolution
		HideSolutionNode = FALSE
	EndGlobalSection
	GlobalSection(ExtensibilityGlobals) = postSolution
		SolutionGuid = {9C56EDEE-9DB5-4C4F-A18A-EA25DD59D971}
	EndGlobalSection
EndGlobal
